<?xml version="1.0" encoding="utf-8"?>
<Project ToolsVersion="4.0" xmlns="http://schemas.microsoft.com/developer/msbuild/2003">
  <ItemGroup>
    <Filter Include="Source Files">
      <UniqueIdentifier>{8bd11458-568b-4495-bf42-892b77b78af1}</UniqueIdentifier>
      <Extensions>cpp;c;cxx;rc;def;r;odl;idl;hpj;bat</Extensions>
    </Filter>
    <Filter Include="Header Files">
      <UniqueIdentifier>{66aa40ab-5b96-48be-a2c9-5b68811150de}</UniqueIdentifier>
      <Extensions>h;hpp;hxx;hm;inl</Extensions>
    </Filter>
  </ItemGroup>
  <ItemGroup>
    <ClCompile Include="animation.cpp">
      <Filter>Source Files</Filter>
    </ClCompile>
    <ClCompile Include="animator.cpp">
      <Filter>Source Files</Filter>
    </ClCompile>
    <ClCompile Include="brush.cpp">
      <Filter>Source Files</Filter>
    </ClCompile>
    <ClCompile Include="cachedtexture.cpp">
      <Filter>Source Files</Filter>
    </ClCompile>
    <ClCompile Include="camera.cpp">
      <Filter>Source Files</Filter>
    </ClCompile>
    <ClCompile Include="collision.cpp">
      <Filter>Source Files</Filter>
    </ClCompile>
    <ClCompile Include="entity.cpp">
      <Filter>Source Files</Filter>
    </ClCompile>
    <ClCompile Include="frustum.cpp">
      <Filter>Source Files</Filter>
    </ClCompile>
    <ClCompile Include="geom.cpp">
      <Filter>Source Files</Filter>
    </ClCompile>
    <ClCompile Include="light.cpp">
      <Filter>Source Files</Filter>
    </ClCompile>
    <ClCompile Include="listener.cpp">
      <Filter>Source Files</Filter>
    </ClCompile>
    <ClCompile Include="loader_3ds.cpp">
      <Filter>Source Files</Filter>
    </ClCompile>
    <ClCompile Include="loader_b3d.cpp">
      <Filter>Source Files</Filter>
    </ClCompile>
    <ClCompile Include="loader_x.cpp">
      <Filter>Source Files</Filter>
    </ClCompile>
    <ClCompile Include="md2model.cpp">
      <Filter>Source Files</Filter>
    </ClCompile>
    <ClCompile Include="md2norms.cpp">
      <Filter>Source Files</Filter>
    </ClCompile>
    <ClCompile Include="md2rep.cpp">
      <Filter>Source Files</Filter>
    </ClCompile>
    <ClCompile Include="meshcollider.cpp">
      <Filter>Source Files</Filter>
    </ClCompile>
    <ClCompile Include="meshloader.cpp">
      <Filter>Source Files</Filter>
    </ClCompile>
    <ClCompile Include="meshmodel.cpp">
      <Filter>Source Files</Filter>
    </ClCompile>
    <ClCompile Include="meshutil.cpp">
      <Filter>Source Files</Filter>
    </ClCompile>
    <ClCompile Include="mirror.cpp">
      <Filter>Source Files</Filter>
    </ClCompile>
    <ClCompile Include="model.cpp">
      <Filter>Source Files</Filter>
    </ClCompile>
    <ClCompile Include="object.cpp">
      <Filter>Source Files</Filter>
    </ClCompile>
    <ClCompile Include="pivot.cpp">
      <Filter>Source Files</Filter>
    </ClCompile>
    <ClCompile Include="planemodel.cpp">
      <Filter>Source Files</Filter>
    </ClCompile>
    <ClCompile Include="q3bspmodel.cpp">
      <Filter>Source Files</Filter>
    </ClCompile>
    <ClCompile Include="q3bsprep.cpp">
      <Filter>Source Files</Filter>
    </ClCompile>
    <ClCompile Include="sprite.cpp">
      <Filter>Source Files</Filter>
    </ClCompile>
    <ClCompile Include="std.cpp">
      <Filter>Source Files</Filter>
    </ClCompile>
    <ClCompile Include="surface.cpp">
      <Filter>Source Files</Filter>
    </ClCompile>
    <ClCompile Include="terrain.cpp">
      <Filter>Source Files</Filter>
    </ClCompile>
    <ClCompile Include="terrainrep.cpp">
      <Filter>Source Files</Filter>
    </ClCompile>
    <ClCompile Include="texture.cpp">
      <Filter>Source Files</Filter>
    </ClCompile>
    <ClCompile Include="world.cpp">
      <Filter>Source Files</Filter>
    </ClCompile>
  </ItemGroup>
  <ItemGroup>
    <ClInclude Include="animation.h">
      <Filter>Header Files</Filter>
    </ClInclude>
    <ClInclude Include="animator.h">
      <Filter>Header Files</Filter>
    </ClInclude>
    <ClInclude Include="blitz3d.h">
      <Filter>Header Files</Filter>
    </ClInclude>
    <ClInclude Include="brush.h">
      <Filter>Header Files</Filter>
    </ClInclude>
    <ClInclude Include="cachedtexture.h">
      <Filter>Header Files</Filter>
    </ClInclude>
    <ClInclude Include="camera.h">
      <Filter>Header Files</Filter>
    </ClInclude>
    <ClInclude Include="collision.h">
      <Filter>Header Files</Filter>
    </ClInclude>
    <ClInclude Include="entity.h">
      <Filter>Header Files</Filter>
    </ClInclude>
    <ClInclude Include="frustum.h">
      <Filter>Header Files</Filter>
    </ClInclude>
    <ClInclude Include="geom.h">
      <Filter>Header Files</Filter>
    </ClInclude>
    <ClInclude Include="light.h">
      <Filter>Header Files</Filter>
    </ClInclude>
    <ClInclude Include="listener.h">
      <Filter>Header Files</Filter>
    </ClInclude>
    <ClInclude Include="loader_3ds.h">
      <Filter>Header Files</Filter>
    </ClInclude>
    <ClInclude Include="loader_b3d.h">
      <Filter>Header Files</Filter>
    </ClInclude>
    <ClInclude Include="loader_x.h">
      <Filter>Header Files</Filter>
    </ClInclude>
    <ClInclude Include="md2model.h">
      <Filter>Header Files</Filter>
    </ClInclude>
    <ClInclude Include="md2norms.h">
      <Filter>Header Files</Filter>
    </ClInclude>
    <ClInclude Include="md2rep.h">
      <Filter>Header Files</Filter>
    </ClInclude>
    <ClInclude Include="meshcollider.h">
      <Filter>Header Files</Filter>
    </ClInclude>
    <ClInclude Include="meshloader.h">
      <Filter>Header Files</Filter>
    </ClInclude>
    <ClInclude Include="meshmodel.h">
      <Filter>Header Files</Filter>
    </ClInclude>
    <ClInclude Include="meshutil.h">
      <Filter>Header Files</Filter>
    </ClInclude>
    <ClInclude Include="mirror.h">
      <Filter>Header Files</Filter>
    </ClInclude>
    <ClInclude Include="model.h">
      <Filter>Header Files</Filter>
    </ClInclude>
    <ClInclude Include="object.h">
      <Filter>Header Files</Filter>
    </ClInclude>
    <ClInclude Include="pivot.h">
      <Filter>Header Files</Filter>
    </ClInclude>
    <ClInclude Include="planemodel.h">
      <Filter>Header Files</Filter>
    </ClInclude>
    <ClInclude Include="q3bspmodel.h">
      <Filter>Header Files</Filter>
    </ClInclude>
    <ClInclude Include="q3bsprep.h">
      <Filter>Header Files</Filter>
    </ClInclude>
    <ClInclude Include="rendercontext.h">
      <Filter>Header Files</Filter>
    </ClInclude>
    <ClInclude Include="sprite.h">
      <Filter>Header Files</Filter>
    </ClInclude>
    <ClInclude Include="std.h">
      <Filter>Header Files</Filter>
    </ClInclude>
    <ClInclude Include="surface.h">
      <Filter>Header Files</Filter>
    </ClInclude>
    <ClInclude Include="terrain.h">
      <Filter>Header Files</Filter>
    </ClInclude>
    <ClInclude Include="terrainrep.h">
      <Filter>Header Files</Filter>
    </ClInclude>
    <ClInclude Include="texture.h">
      <Filter>Header Files</Filter>
    </ClInclude>
    <ClInclude Include="world.h">
      <Filter>Header Files</Filter>
    </ClInclude>
  </ItemGroup>
</Project>