<?xml version="1.0" encoding="utf-8"?>
<Project ToolsVersion="4.0" xmlns="http://schemas.microsoft.com/developer/msbuild/2003">
  <ItemGroup>
    <Filter Include="Source Files">
      <UniqueIdentifier>{61d4005c-3a81-4101-b610-0303f5e8b9b9}</UniqueIdentifier>
      <Extensions>cpp;c;cxx;rc;def;r;odl;idl;hpj;bat</Extensions>
    </Filter>
    <Filter Include="Header Files">
      <UniqueIdentifier>{6bb8c124-502e-42b3-9df8-ad189a9d4a81}</UniqueIdentifier>
      <Extensions>h;hpp;hxx;hm;inl</Extensions>
    </Filter>
  </ItemGroup>
  <ItemGroup>
    <ClCompile Include="basic.cpp">
      <Filter>Source Files</Filter>
    </ClCompile>
    <ClCompile Include="bbaudio.cpp">
      <Filter>Source Files</Filter>
    </ClCompile>
    <ClCompile Include="bbbank.cpp">
      <Filter>Source Files</Filter>
    </ClCompile>
    <ClCompile Include="bbblitz3d.cpp">
      <Filter>Source Files</Filter>
    </ClCompile>
    <ClCompile Include="bbfilesystem.cpp">
      <Filter>Source Files</Filter>
    </ClCompile>
    <ClCompile Include="bbgraphics.cpp">
      <Filter>Source Files</Filter>
    </ClCompile>
    <ClCompile Include="bbinput.cpp">
      <Filter>Source Files</Filter>
    </ClCompile>
    <ClCompile Include="bbmath.cpp">
      <Filter>Source Files</Filter>
    </ClCompile>
    <ClCompile Include="bbruntime.cpp">
      <Filter>Source Files</Filter>
    </ClCompile>
    <ClCompile Include="bbsockets.cpp">
      <Filter>Source Files</Filter>
    </ClCompile>
    <ClCompile Include="bbstream.cpp">
      <Filter>Source Files</Filter>
    </ClCompile>
    <ClCompile Include="bbstring.cpp">
      <Filter>Source Files</Filter>
    </ClCompile>
    <ClCompile Include="bbsys.cpp">
      <Filter>Source Files</Filter>
    </ClCompile>
    <ClCompile Include="multiplay.cpp">
      <Filter>Source Files</Filter>
    </ClCompile>
    <ClCompile Include="multiplay_setup.cpp">
      <Filter>Source Files</Filter>
    </ClCompile>
    <ClCompile Include="std.cpp">
      <Filter>Source Files</Filter>
    </ClCompile>
    <ClCompile Include="userlibs.cpp">
      <Filter>Source Files</Filter>
    </ClCompile>
  </ItemGroup>
  <ItemGroup>
    <ResourceCompile Include="multiplay_setup.rc">
      <Filter>Source Files</Filter>
    </ResourceCompile>
  </ItemGroup>
  <ItemGroup>
    <ClInclude Include="basic.h">
      <Filter>Header Files</Filter>
    </ClInclude>
    <ClInclude Include="bbaudio.h">
      <Filter>Header Files</Filter>
    </ClInclude>
    <ClInclude Include="bbbank.h">
      <Filter>Header Files</Filter>
    </ClInclude>
    <ClInclude Include="bbblitz3d.h">
      <Filter>Header Files</Filter>
    </ClInclude>
    <ClInclude Include="bbfilesystem.h">
      <Filter>Header Files</Filter>
    </ClInclude>
    <ClInclude Include="bbgraphics.h">
      <Filter>Header Files</Filter>
    </ClInclude>
    <ClInclude Include="bbinput.h">
      <Filter>Header Files</Filter>
    </ClInclude>
    <ClInclude Include="bbmath.h">
      <Filter>Header Files</Filter>
    </ClInclude>
    <ClInclude Include="bbruntime.h">
      <Filter>Header Files</Filter>
    </ClInclude>
    <ClInclude Include="bbsockets.h">
      <Filter>Header Files</Filter>
    </ClInclude>
    <ClInclude Include="bbstream.h">
      <Filter>Header Files</Filter>
    </ClInclude>
    <ClInclude Include="bbstring.h">
      <Filter>Header Files</Filter>
    </ClInclude>
    <ClInclude Include="bbsys.h">
      <Filter>Header Files</Filter>
    </ClInclude>
    <ClInclude Include="multiplay.h">
      <Filter>Header Files</Filter>
    </ClInclude>
    <ClInclude Include="multiplay_setup.h">
      <Filter>Header Files</Filter>
    </ClInclude>
    <ClInclude Include="resource.h">
      <Filter>Header Files</Filter>
    </ClInclude>
    <ClInclude Include="std.h">
      <Filter>Header Files</Filter>
    </ClInclude>
    <ClInclude Include="userlibs.h">
      <Filter>Header Files</Filter>
    </ClInclude>
  </ItemGroup>
</Project>