<?xml version="1.0" encoding="utf-8"?>
<Project ToolsVersion="4.0" xmlns="http://schemas.microsoft.com/developer/msbuild/2003">
  <ItemGroup>
    <Filter Include="Source Files">
      <UniqueIdentifier>{c56666b9-85ca-4310-a925-b3639f936544}</UniqueIdentifier>
      <Extensions>cpp;c;cxx;rc;def;r;odl;idl;hpj;bat</Extensions>
    </Filter>
    <Filter Include="Header Files">
      <UniqueIdentifier>{a037b52e-a31a-498e-bfd7-aeb05035b8b7}</UniqueIdentifier>
      <Extensions>h;hpp;hxx;hm;inl</Extensions>
    </Filter>
  </ItemGroup>
  <ItemGroup>
    <ClCompile Include="ddutil.cpp">
      <Filter>Source Files</Filter>
    </ClCompile>
    <ClCompile Include="gxaudio.cpp">
      <Filter>Source Files</Filter>
    </ClCompile>
    <ClCompile Include="gxcanvas.cpp">
      <Filter>Source Files</Filter>
    </ClCompile>
    <ClCompile Include="gxchannel.cpp">
      <Filter>Source Files</Filter>
    </ClCompile>
    <ClCompile Include="gxdevice.cpp">
      <Filter>Source Files</Filter>
    </ClCompile>
    <ClCompile Include="gxdir.cpp">
      <Filter>Source Files</Filter>
    </ClCompile>
    <ClCompile Include="gxfilesystem.cpp">
      <Filter>Source Files</Filter>
    </ClCompile>
    <ClCompile Include="gxfont.cpp">
      <Filter>Source Files</Filter>
    </ClCompile>
    <ClCompile Include="gxgraphics.cpp">
      <Filter>Source Files</Filter>
    </ClCompile>
    <ClCompile Include="gxinput.cpp">
      <Filter>Source Files</Filter>
    </ClCompile>
    <ClCompile Include="gxlight.cpp">
      <Filter>Source Files</Filter>
    </ClCompile>
    <ClCompile Include="gxmesh.cpp">
      <Filter>Source Files</Filter>
    </ClCompile>
    <ClCompile Include="gxmovie.cpp">
      <Filter>Source Files</Filter>
    </ClCompile>
    <ClCompile Include="gxruntime.cpp">
      <Filter>Source Files</Filter>
    </ClCompile>
    <ClCompile Include="gxscene.cpp">
      <Filter>Source Files</Filter>
    </ClCompile>
    <ClCompile Include="gxsound.cpp">
      <Filter>Source Files</Filter>
    </ClCompile>
    <ClCompile Include="gxtimer.cpp">
      <Filter>Source Files</Filter>
    </ClCompile>
    <ClCompile Include="std.cpp">
      <Filter>Source Files</Filter>
    </ClCompile>
  </ItemGroup>
  <ItemGroup>
    <ClInclude Include="asmcoder.h">
      <Filter>Header Files</Filter>
    </ClInclude>
    <ClInclude Include="ddutil.h">
      <Filter>Header Files</Filter>
    </ClInclude>
    <ClInclude Include="gxaudio.h">
      <Filter>Header Files</Filter>
    </ClInclude>
    <ClInclude Include="gxcanvas.h">
      <Filter>Header Files</Filter>
    </ClInclude>
    <ClInclude Include="gxchannel.h">
      <Filter>Header Files</Filter>
    </ClInclude>
    <ClInclude Include="gxdevice.h">
      <Filter>Header Files</Filter>
    </ClInclude>
    <ClInclude Include="gxdir.h">
      <Filter>Header Files</Filter>
    </ClInclude>
    <ClInclude Include="gxfilesystem.h">
      <Filter>Header Files</Filter>
    </ClInclude>
    <ClInclude Include="gxfont.h">
      <Filter>Header Files</Filter>
    </ClInclude>
    <ClInclude Include="gxgraphics.h">
      <Filter>Header Files</Filter>
    </ClInclude>
    <ClInclude Include="gxinput.h">
      <Filter>Header Files</Filter>
    </ClInclude>
    <ClInclude Include="gxlight.h">
      <Filter>Header Files</Filter>
    </ClInclude>
    <ClInclude Include="gxmesh.h">
      <Filter>Header Files</Filter>
    </ClInclude>
    <ClInclude Include="gxmovie.h">
      <Filter>Header Files</Filter>
    </ClInclude>
    <ClInclude Include="gxruntime.h">
      <Filter>Header Files</Filter>
    </ClInclude>
    <ClInclude Include="gxscene.h">
      <Filter>Header Files</Filter>
    </ClInclude>
    <ClInclude Include="gxsound.h">
      <Filter>Header Files</Filter>
    </ClInclude>
    <ClInclude Include="gxtimer.h">
      <Filter>Header Files</Filter>
    </ClInclude>
    <ClInclude Include="std.h">
      <Filter>Header Files</Filter>
    </ClInclude>
  </ItemGroup>
</Project>