<?xml version="1.0" encoding="utf-8"?>
<Project ToolsVersion="4.0" xmlns="http://schemas.microsoft.com/developer/msbuild/2003">
  <ItemGroup>
    <Filter Include="Source Files">
      <UniqueIdentifier>{4b1ec55c-b64f-49c9-b712-f9dd5e37fa8b}</UniqueIdentifier>
      <Extensions>cpp;c;cxx;rc;def;r;odl;idl;hpj;bat</Extensions>
    </Filter>
    <Filter Include="Header Files">
      <UniqueIdentifier>{ad3ed60e-23f9-413b-bfc1-2ebd2e4bf603}</UniqueIdentifier>
      <Extensions>h;hpp;hxx;hm;inl</Extensions>
    </Filter>
    <Filter Include="Resource Files">
      <UniqueIdentifier>{287f454a-d3bd-420c-9e9c-4f94f42fc6ac}</UniqueIdentifier>
      <Extensions>ico;cur;bmp;dlg;rc2;rct;bin;rgs;gif;jpg;jpeg;jpe</Extensions>
    </Filter>
  </ItemGroup>
  <ItemGroup>
    <ClCompile Include="bbruntime_dll.cpp">
      <Filter>Source Files</Filter>
    </ClCompile>
  </ItemGroup>
  <ItemGroup>
    <ResourceCompile Include="bbruntime_dll.rc">
      <Filter>Source Files</Filter>
    </ResourceCompile>
  </ItemGroup>
  <ItemGroup>
    <ClInclude Include="bbruntime_dll.h">
      <Filter>Header Files</Filter>
    </ClInclude>
    <ClInclude Include="resource.h">
      <Filter>Header Files</Filter>
    </ClInclude>
  </ItemGroup>
  <ItemGroup>
    <Image Include="bbexe.ico">
      <Filter>Resource Files</Filter>
    </Image>
  </ItemGroup>
  <ItemGroup>
    <Library Include="..\..\FreeImage241\Source\FreeImageLib\Release\FreeImage.lib" />
    <Library Include="..\..\fmodapi375win\api\lib\fmodvc.lib" />
    <Library Include="..\bbruntime\bbruntime___Win32_Blitz3DRelease\bbruntime.lib" />
    <Library Include="..\gxruntime\gxruntime___Win32_Blitz3DRelease\gxruntime.lib" />
    <Library Include="..\blitz3d\blitz3d___Win32_Blitz3DRelease\blitz3d.lib" />
    <Library Include="..\stdutil\stdutil___Win32_Blitz3DRelease\stdutil.lib" />
  </ItemGroup>
</Project>