<?xml version="1.0" encoding="utf-8"?>
<Project ToolsVersion="4.0" xmlns="http://schemas.microsoft.com/developer/msbuild/2003">
  <ItemGroup>
    <Filter Include="Source Files">
      <UniqueIdentifier>{aac0b26b-98a7-4d1b-b52d-87e0c1c91619}</UniqueIdentifier>
      <Extensions>cpp;c;cxx;rc;def;r;odl;idl;hpj;bat</Extensions>
    </Filter>
    <Filter Include="Header Files">
      <UniqueIdentifier>{4ef2fe08-d20d-43e1-aeff-d94e3b908038}</UniqueIdentifier>
      <Extensions>h;hpp;hxx;hm;inl</Extensions>
    </Filter>
  </ItemGroup>
  <ItemGroup>
    <ResourceCompile Include="debugger.rc">
      <Filter>Source Files</Filter>
    </ResourceCompile>
  </ItemGroup>
  <ItemGroup>
    <ClCompile Include="debuggerapp.cpp">
      <Filter>Source Files</Filter>
    </ClCompile>
    <ClCompile Include="debugtree.cpp">
      <Filter>Source Files</Filter>
    </ClCompile>
    <ClCompile Include="mainframe.cpp">
      <Filter>Source Files</Filter>
    </ClCompile>
    <ClCompile Include="prefs.cpp">
      <Filter>Source Files</Filter>
    </ClCompile>
    <ClCompile Include="sourcefile.cpp">
      <Filter>Source Files</Filter>
    </ClCompile>
    <ClCompile Include="stdafx.cpp">
      <Filter>Source Files</Filter>
    </ClCompile>
    <ClCompile Include="stdutil.cpp">
      <Filter>Source Files</Filter>
    </ClCompile>
    <ClCompile Include="tabber.cpp">
      <Filter>Source Files</Filter>
    </ClCompile>
  </ItemGroup>
  <ItemGroup>
    <ClInclude Include="debugger.h">
      <Filter>Header Files</Filter>
    </ClInclude>
    <ClInclude Include="debuggerapp.h">
      <Filter>Header Files</Filter>
    </ClInclude>
    <ClInclude Include="debugtree.h">
      <Filter>Header Files</Filter>
    </ClInclude>
    <ClInclude Include="mainframe.h">
      <Filter>Header Files</Filter>
    </ClInclude>
    <ClInclude Include="prefs.h">
      <Filter>Header Files</Filter>
    </ClInclude>
    <ClInclude Include="sourcefile.h">
      <Filter>Header Files</Filter>
    </ClInclude>
    <ClInclude Include="stdafx.h">
      <Filter>Header Files</Filter>
    </ClInclude>
    <ClInclude Include="tabber.h">
      <Filter>Header Files</Filter>
    </ClInclude>
  </ItemGroup>
</Project>